
Microsoft Visual Studio Solution File, Format Version 12.00
Project("{FAE04EC0-301F-11D3-BF4B-00C04F79EFBC}") = "BankHSEProject", "BankHSEProject.csproj", "{8BE287A9-6394-48E8-B379-782D826C14EE}"
EndProject
Global
	GlobalSection(SolutionConfigurationPlatforms) = preSolution
		Debug|Any CPU = Debug|Any CPU
		Release|Any CPU = Release|Any CPU
	EndGlobalSection
	GlobalSection(ProjectConfigurationPlatforms) = postSolution
		{8BE287A9-6394-48E8-B379-782D826C14EE}.Debug|Any CPU.ActiveCfg = Debug|Any CPU
		{8BE287A9-6394-48E8-B379-782D826C14EE}.Debug|Any CPU.Build.0 = Debug|Any CPU
		{8BE287A9-6394-48E8-B379-782D826C14EE}.Release|Any CPU.ActiveCfg = Release|Any CPU
		{8BE287A9-6394-48E8-B379-782D826C14EE}.Release|Any CPU.Build.0 = Release|Any CPU
	EndGlobalSection
EndGlobal
